
Microsoft Visual Studio Solution File, Format Version 12.00
# Visual Studio Version 17
VisualStudioVersion = 17.6.33723.286
MinimumVisualStudioVersion = 10.0.40219.1
Project("{FAE04EC0-301F-11D3-BF4B-00C04F79EFBC}") = "Projet.Android", "Projet\Projet.Android\Projet.Android.csproj", "{404DE480-2496-4B5C-A32C-CEA0579357A5}"
EndProject
Project("{FAE04EC0-301F-11D3-BF4B-00C04F79EFBC}") = "Projet.iOS", "Projet\Projet.iOS\Projet.iOS.csproj", "{3953D5FB-4640-45C6-A910-9C4CEAC41D19}"
EndProject
Project("{FAE04EC0-301F-11D3-BF4B-00C04F79EFBC}") = "Projet", "Projet\Projet\Projet.csproj", "{033CC536-A9E0-4FA5-884D-2560D84F90E8}"
EndProject
Global
	GlobalSection(SolutionConfigurationPlatforms) = preSolution
		Debug|Any CPU = Debug|Any CPU
		Debug|iPhone = Debug|iPhone
		Debug|iPhoneSimulator = Debug|iPhoneSimulator
		Release|Any CPU = Release|Any CPU
		Release|iPhone = Release|iPhone
		Release|iPhoneSimulator = Release|iPhoneSimulator
	EndGlobalSection
	GlobalSection(ProjectConfigurationPlatforms) = postSolution
		{404DE480-2496-4B5C-A32C-CEA0579357A5}.Debug|Any CPU.ActiveCfg = Debug|Any CPU
		{404DE480-2496-4B5C-A32C-CEA0579357A5}.Debug|Any CPU.Build.0 = Debug|Any CPU
		{404DE480-2496-4B5C-A32C-CEA0579357A5}.Debug|Any CPU.Deploy.0 = Debug|Any CPU
		{404DE480-2496-4B5C-A32C-CEA0579357A5}.Debug|iPhone.ActiveCfg = Debug|Any CPU
		{404DE480-2496-4B5C-A32C-CEA0579357A5}.Debug|iPhone.Build.0 = Debug|Any CPU
		{404DE480-2496-4B5C-A32C-CEA0579357A5}.Debug|iPhone.Deploy.0 = Debug|Any CPU
		{404DE480-2496-4B5C-A32C-CEA0579357A5}.Debug|iPhoneSimulator.ActiveCfg = Debug|Any CPU
		{404DE480-2496-4B5C-A32C-CEA0579357A5}.Debug|iPhoneSimulator.Build.0 = Debug|Any CPU
		{404DE480-2496-4B5C-A32C-CEA0579357A5}.Debug|iPhoneSimulator.Deploy.0 = Debug|Any CPU
		{404DE480-2496-4B5C-A32C-CEA0579357A5}.Release|Any CPU.ActiveCfg = Release|Any CPU
		{404DE480-2496-4B5C-A32C-CEA0579357A5}.Release|Any CPU.Build.0 = Release|Any CPU
		{404DE480-2496-4B5C-A32C-CEA0579357A5}.Release|Any CPU.Deploy.0 = Release|Any CPU
		{404DE480-2496-4B5C-A32C-CEA0579357A5}.Release|iPhone.ActiveCfg = Release|Any CPU
		{404DE480-2496-4B5C-A32C-CEA0579357A5}.Release|iPhone.Build.0 = Release|Any CPU
		{404DE480-2496-4B5C-A32C-CEA0579357A5}.Release|iPhone.Deploy.0 = Release|Any CPU
		{404DE480-2496-4B5C-A32C-CEA0579357A5}.Release|iPhoneSimulator.ActiveCfg = Release|Any CPU
		{404DE480-2496-4B5C-A32C-CEA0579357A5}.Release|iPhoneSimulator.Build.0 = Release|Any CPU
		{404DE480-2496-4B5C-A32C-CEA0579357A5}.Release|iPhoneSimulator.Deploy.0 = Release|Any CPU
		{3953D5FB-4640-45C6-A910-9C4CEAC41D19}.Debug|Any CPU.ActiveCfg = Debug|iPhone
		{3953D5FB-4640-45C6-A910-9C4CEAC41D19}.Debug|Any CPU.Build.0 = Debug|iPhone
		{3953D5FB-4640-45C6-A910-9C4CEAC41D19}.Debug|Any CPU.Deploy.0 = Debug|iPhone
		{3953D5FB-4640-45C6-A910-9C4CEAC41D19}.Debug|iPhone.ActiveCfg = Debug|iPhone
		{3953D5FB-4640-45C6-A910-9C4CEAC41D19}.Debug|iPhone.Build.0 = Debug|iPhone
		{3953D5FB-4640-45C6-A910-9C4CEAC41D19}.Debug|iPhone.Deploy.0 = Debug|iPhone
		{3953D5FB-4640-45C6-A910-9C4CEAC41D19}.Debug|iPhoneSimulator.ActiveCfg = Debug|iPhoneSimulator
		{3953D5FB-4640-45C6-A910-9C4CEAC41D19}.Debug|iPhoneSimulator.Build.0 = Debug|iPhoneSimulator
		{3953D5FB-4640-45C6-A910-9C4CEAC41D19}.Debug|iPhoneSimulator.Deploy.0 = Debug|iPhoneSimulator
		{3953D5FB-4640-45C6-A910-9C4CEAC41D19}.Release|Any CPU.ActiveCfg = Release|iPhoneSimulator
		{3953D5FB-4640-45C6-A910-9C4CEAC41D19}.Release|Any CPU.Build.0 = Release|iPhoneSimulator
		{3953D5FB-4640-45C6-A910-9C4CEAC41D19}.Release|Any CPU.Deploy.0 = Release|iPhoneSimulator
		{3953D5FB-4640-45C6-A910-9C4CEAC41D19}.Release|iPhone.ActiveCfg = Release|iPhone
		{3953D5FB-4640-45C6-A910-9C4CEAC41D19}.Release|iPhone.Build.0 = Release|iPhone
		{3953D5FB-4640-45C6-A910-9C4CEAC41D19}.Release|iPhone.Deploy.0 = Release|iPhone
		{3953D5FB-4640-45C6-A910-9C4CEAC41D19}.Release|iPhoneSimulator.ActiveCfg = Release|iPhoneSimulator
		{3953D5FB-4640-45C6-A910-9C4CEAC41D19}.Release|iPhoneSimulator.Build.0 = Release|iPhoneSimulator
		{3953D5FB-4640-45C6-A910-9C4CEAC41D19}.Release|iPhoneSimulator.Deploy.0 = Release|iPhoneSimulator
		{033CC536-A9E0-4FA5-884D-2560D84F90E8}.Debug|Any CPU.ActiveCfg = Debug|Any CPU
		{033CC536-A9E0-4FA5-884D-2560D84F90E8}.Debug|Any CPU.Build.0 = Debug|Any CPU
		{033CC536-A9E0-4FA5-884D-2560D84F90E8}.Debug|Any CPU.Deploy.0 = Debug|Any CPU
		{033CC536-A9E0-4FA5-884D-2560D84F90E8}.Debug|iPhone.ActiveCfg = Debug|Any CPU
		{033CC536-A9E0-4FA5-884D-2560D84F90E8}.Debug|iPhone.Build.0 = Debug|Any CPU
		{033CC536-A9E0-4FA5-884D-2560D84F90E8}.Debug|iPhone.Deploy.0 = Debug|Any CPU
		{033CC536-A9E0-4FA5-884D-2560D84F90E8}.Debug|iPhoneSimulator.ActiveCfg = Debug|Any CPU
		{033CC536-A9E0-4FA5-884D-2560D84F90E8}.Debug|iPhoneSimulator.Build.0 = Debug|Any CPU
		{033CC536-A9E0-4FA5-884D-2560D84F90E8}.Debug|iPhoneSimulator.Deploy.0 = Debug|Any CPU
		{033CC536-A9E0-4FA5-884D-2560D84F90E8}.Release|Any CPU.ActiveCfg = Release|Any CPU
		{033CC536-A9E0-4FA5-884D-2560D84F90E8}.Release|Any CPU.Build.0 = Release|Any CPU
		{033CC536-A9E0-4FA5-884D-2560D84F90E8}.Release|Any CPU.Deploy.0 = Release|Any CPU
		{033CC536-A9E0-4FA5-884D-2560D84F90E8}.Release|iPhone.ActiveCfg = Release|Any CPU
		{033CC536-A9E0-4FA5-884D-2560D84F90E8}.Release|iPhone.Build.0 = Release|Any CPU
		{033CC536-A9E0-4FA5-884D-2560D84F90E8}.Release|iPhone.Deploy.0 = Release|Any CPU
		{033CC536-A9E0-4FA5-884D-2560D84F90E8}.Release|iPhoneSimulator.ActiveCfg = Release|Any CPU
		{033CC536-A9E0-4FA5-884D-2560D84F90E8}.Release|iPhoneSimulator.Build.0 = Release|Any CPU
		{033CC536-A9E0-4FA5-884D-2560D84F90E8}.Release|iPhoneSimulator.Deploy.0 = Release|Any CPU
	EndGlobalSection
	GlobalSection(SolutionProperties) = preSolution
		HideSolutionNode = FALSE
	EndGlobalSection
	GlobalSection(ExtensibilityGlobals) = postSolution
		SolutionGuid = {B8D89CCE-CE8D-453F-8CA4-5437589806CB}
	EndGlobalSection
EndGlobal
